// !$*UTF8*$!
{
	archiveVersion = 1;
	classes = {
	};
	objectVersion = 55;
	objects = {

/* Begin PBXBuildFile section */
		907CC9D027FA80B90058600D /* HuddleLandingPageWithSingleIntroductorySectionApp.swift in Sources */ = {isa = PBXBuildFile; fileRef = 907CC9C027FA80B80058600D /* HuddleLandingPageWithSingleIntroductorySectionApp.swift */; };
		907CC9D127FA80B90058600D /* HuddleLandingPageWithSingleIntroductorySectionApp.swift in Sources */ = {isa = PBXBuildFile; fileRef = 907CC9C027FA80B80058600D /* HuddleLandingPageWithSingleIntroductorySectionApp.swift */; };
		907CC9D227FA80B90058600D /* ContentView.swift in Sources */ = {isa = PBXBuildFile; fileRef = 907CC9C127FA80B80058600D /* ContentView.swift */; };
		907CC9D327FA80B90058600D /* ContentView.swift in Sources */ = {isa = PBXBuildFile; fileRef = 907CC9C127FA80B80058600D /* ContentView.swift */; };
		907CC9D427FA80B90058600D /* Assets.xcassets in Resources */ = {isa = PBXBuildFile; fileRef = 907CC9C227FA80B90058600D /* Assets.xcassets */; };
		907CC9D527FA80B90058600D /* Assets.xcassets in Resources */ = {isa = PBXBuildFile; fileRef = 907CC9C227FA80B90058600D /* Assets.xcassets */; };
/* End PBXBuildFile section */

/* Begin PBXFileReference section */
		907CC9C027FA80B80058600D /* HuddleLandingPageWithSingleIntroductorySectionApp.swift */ = {isa = PBXFileReference; lastKnownFileType = sourcecode.swift; path = HuddleLandingPageWithSingleIntroductorySectionApp.swift; sourceTree = "<group>"; };
		907CC9C127FA80B80058600D /* ContentView.swift */ = {isa = PBXFileReference; lastKnownFileType = sourcecode.swift; path = ContentView.swift; sourceTree = "<group>"; };
		907CC9C227FA80B90058600D /* Assets.xcassets */ = {isa = PBXFileReference; lastKnownFileType = folder.assetcatalog; path = Assets.xcassets; sourceTree = "<group>"; };
		907CC9C727FA80B90058600D /* HuddleLandingPageWithSingleIntroductorySection.app */ = {isa = PBXFileReference; explicitFileType = wrapper.application; includeInIndex = 0; path = HuddleLandingPageWithSingleIntroductorySection.app; sourceTree = BUILT_PRODUCTS_DIR; };
		907CC9CD27FA80B90058600D /* HuddleLandingPageWithSingleIntroductorySection.app */ = {isa = PBXFileReference; explicitFileType = wrapper.application; includeInIndex = 0; path = HuddleLandingPageWithSingleIntroductorySection.app; sourceTree = BUILT_PRODUCTS_DIR; };
		907CC9CF27FA80B90058600D /* macOS.entitlements */ = {isa = PBXFileReference; lastKnownFileType = text.plist.entitlements; path = macOS.entitlements; sourceTree = "<group>"; };
/* End PBXFileReference section */

/* Begin PBXFrameworksBuildPhase section */
		907CC9C427FA80B90058600D /* Frameworks */ = {
			isa = PBXFrameworksBuildPhase;
			buildActionMask = 2147483647;
			files = (
			);
			runOnlyForDeploymentPostprocessing = 0;
		};
		907CC9CA27FA80B90058600D /* Frameworks */ = {
			isa = PBXFrameworksBuildPhase;
			buildActionMask = 2147483647;
			files = (
			);
			runOnlyForDeploymentPostprocessing = 0;
		};
/* End PBXFrameworksBuildPhase section */

/* Begin PBXGroup section */
		907CC9BA27FA80B80058600D = {
			isa = PBXGroup;
			children = (
				907CC9BF27FA80B80058600D /* Shared */,
				907CC9CE27FA80B90058600D /* macOS */,
				907CC9C827FA80B90058600D /* Products */,
			);
			sourceTree = "<group>";
		};
		907CC9BF27FA80B80058600D /* Shared */ = {
			isa = PBXGroup;
			children = (
				907CC9C027FA80B80058600D /* HuddleLandingPageWithSingleIntroductorySectionApp.swift */,
				907CC9C127FA80B80058600D /* ContentView.swift */,
				907CC9C227FA80B90058600D /* Assets.xcassets */,
			);
			path = Shared;
			sourceTree = "<group>";
		};
		907CC9C827FA80B90058600D /* Products */ = {
			isa = PBXGroup;
			children = (
				907CC9C727FA80B90058600D /* HuddleLandingPageWithSingleIntroductorySection.app */,
				907CC9CD27FA80B90058600D /* HuddleLandingPageWithSingleIntroductorySection.app */,
			);
			name = Products;
			sourceTree = "<group>";
		};
		907CC9CE27FA80B90058600D /* macOS */ = {
			isa = PBXGroup;
			children = (
				907CC9CF27FA80B90058600D /* macOS.entitlements */,
			);
			path = macOS;
			sourceTree = "<group>";
		};
/* End PBXGroup section */

/* Begin PBXNativeTarget section */
		907CC9C627FA80B90058600D /* HuddleLandingPageWithSingleIntroductorySection (iOS) */ = {
			isa = PBXNativeTarget;
			buildConfigurationList = 907CC9D827FA80B90058600D /* Build configuration list for PBXNativeTarget "HuddleLandingPageWithSingleIntroductorySection (iOS)" */;
			buildPhases = (
				907CC9C327FA80B90058600D /* Sources */,
				907CC9C427FA80B90058600D /* Frameworks */,
				907CC9C527FA80B90058600D /* Resources */,
			);
			buildRules = (
			);
			dependencies = (
			);
			name = "HuddleLandingPageWithSingleIntroductorySection (iOS)";
			productName = "HuddleLandingPageWithSingleIntroductorySection (iOS)";
			productReference = 907CC9C727FA80B90058600D /* HuddleLandingPageWithSingleIntroductorySection.app */;
			productType = "com.apple.product-type.application";
		};
		907CC9CC27FA80B90058600D /* HuddleLandingPageWithSingleIntroductorySection (macOS) */ = {
			isa = PBXNativeTarget;
			buildConfigurationList = 907CC9DB27FA80B90058600D /* Build configuration list for PBXNativeTarget "HuddleLandingPageWithSingleIntroductorySection (macOS)" */;
			buildPhases = (
				907CC9C927FA80B90058600D /* Sources */,
				907CC9CA27FA80B90058600D /* Frameworks */,
				907CC9CB27FA80B90058600D /* Resources */,
			);
			buildRules = (
			);
			dependencies = (
			);
			name = "HuddleLandingPageWithSingleIntroductorySection (macOS)";
			productName = "HuddleLandingPageWithSingleIntroductorySection (macOS)";
			productReference = 907CC9CD27FA80B90058600D /* HuddleLandingPageWithSingleIntroductorySection.app */;
			productType = "com.apple.product-type.application";
		};
/* End PBXNativeTarget section */

/* Begin PBXProject section */
		907CC9BB27FA80B80058600D /* Project object */ = {
			isa = PBXProject;
			attributes = {
				BuildIndependentTargetsInParallel = 1;
				LastSwiftUpdateCheck = 1330;
				LastUpgradeCheck = 1330;
				TargetAttributes = {
					907CC9C627FA80B90058600D = {
						CreatedOnToolsVersion = 13.3;
					};
					907CC9CC27FA80B90058600D = {
						CreatedOnToolsVersion = 13.3;
					};
				};
			};
			buildConfigurationList = 907CC9BE27FA80B80058600D /* Build configuration list for PBXProject "HuddleLandingPageWithSingleIntroductorySection" */;
			compatibilityVersion = "Xcode 13.0";
			developmentRegion = en;
			hasScannedForEncodings = 0;
			knownRegions = (
				en,
				Base,
			);
			mainGroup = 907CC9BA27FA80B80058600D;
			productRefGroup = 907CC9C827FA80B90058600D /* Products */;
			projectDirPath = "";
			projectRoot = "";
			targets = (
				907CC9C627FA80B90058600D /* HuddleLandingPageWithSingleIntroductorySection (iOS) */,
				907CC9CC27FA80B90058600D /* HuddleLandingPageWithSingleIntroductorySection (macOS) */,
			);
		};
/* End PBXProject section */

/* Begin PBXResourcesBuildPhase section */
		907CC9C527FA80B90058600D /* Resources */ = {
			isa = PBXResourcesBuildPhase;
			buildActionMask = 2147483647;
			files = (
				907CC9D427FA80B90058600D /* Assets.xcassets in Resources */,
			);
			runOnlyForDeploymentPostprocessing = 0;
		};
		907CC9CB27FA80B90058600D /* Resources */ = {
			isa = PBXResourcesBuildPhase;
			buildActionMask = 2147483647;
			files = (
				907CC9D527FA80B90058600D /* Assets.xcassets in Resources */,
			);
			runOnlyForDeploymentPostprocessing = 0;
		};
/* End PBXResourcesBuildPhase section */

/* Begin PBXSourcesBuildPhase section */
		907CC9C327FA80B90058600D /* Sources */ = {
			isa = PBXSourcesBuildPhase;
			buildActionMask = 2147483647;
			files = (
				907CC9D227FA80B90058600D /* ContentView.swift in Sources */,
				907CC9D027FA80B90058600D /* HuddleLandingPageWithSingleIntroductorySectionApp.swift in Sources */,
			);
			runOnlyForDeploymentPostprocessing = 0;
		};
		907CC9C927FA80B90058600D /* Sources */ = {
			isa = PBXSourcesBuildPhase;
			buildActionMask = 2147483647;
			files = (
				907CC9D327FA80B90058600D /* ContentView.swift in Sources */,
				907CC9D127FA80B90058600D /* HuddleLandingPageWithSingleIntroductorySectionApp.swift in Sources */,
			);
			runOnlyForDeploymentPostprocessing = 0;
		};
/* End PBXSourcesBuildPhase section */

/* Begin XCBuildConfiguration section */
		907CC9D627FA80B90058600D /* Debug */ = {
			isa = XCBuildConfiguration;
			buildSettings = {
				ALWAYS_SEARCH_USER_PATHS = NO;
				CLANG_ANALYZER_NONNULL = YES;
				CLANG_ANALYZER_NUMBER_OBJECT_CONVERSION = YES_AGGRESSIVE;
				CLANG_CXX_LANGUAGE_STANDARD = "gnu++17";
				CLANG_ENABLE_MODULES = YES;
				CLANG_ENABLE_OBJC_ARC = YES;
				CLANG_ENABLE_OBJC_WEAK = YES;
				CLANG_WARN_BLOCK_CAPTURE_AUTORELEASING = YES;
				CLANG_WARN_BOOL_CONVERSION = YES;
				CLANG_WARN_COMMA = YES;
				CLANG_WARN_CONSTANT_CONVERSION = YES;
				CLANG_WARN_DEPRECATED_OBJC_IMPLEMENTATIONS = YES;
				CLANG_WARN_DIRECT_OBJC_ISA_USAGE = YES_ERROR;
				CLANG_WARN_DOCUMENTATION_COMMENTS = YES;
				CLANG_WARN_EMPTY_BODY = YES;
				CLANG_WARN_ENUM_CONVERSION = YES;
				CLANG_WARN_INFINITE_RECURSION = YES;
				CLANG_WARN_INT_CONVERSION = YES;
				CLANG_WARN_NON_LITERAL_NULL_CONVERSION = YES;
				CLANG_WARN_OBJC_IMPLICIT_RETAIN_SELF = YES;
				CLANG_WARN_OBJC_LITERAL_CONVERSION = YES;
				CLANG_WARN_OBJC_ROOT_CLASS = YES_ERROR;
				CLANG_WARN_QUOTED_INCLUDE_IN_FRAMEWORK_HEADER = YES;
				CLANG_WARN_RANGE_LOOP_ANALYSIS = YES;
				CLANG_WARN_STRICT_PROTOTYPES = YES;
				CLANG_WARN_SUSPICIOUS_MOVE = YES;
				CLANG_WARN_UNGUARDED_AVAILABILITY = YES_AGGRESSIVE;
				CLANG_WARN_UNREACHABLE_CODE = YES;
				CLANG_WARN__DUPLICATE_METHOD_MATCH = YES;
				COPY_PHASE_STRIP = NO;
				DEBUG_INFORMATION_FORMAT = dwarf;
				ENABLE_STRICT_OBJC_MSGSEND = YES;
				ENABLE_TESTABILITY = YES;
				GCC_C_LANGUAGE_STANDARD = gnu11;
				GCC_DYNAMIC_NO_PIC = NO;
				GCC_NO_COMMON_BLOCKS = YES;
				GCC_OPTIMIZATION_LEVEL = 0;
				GCC_PREPROCESSOR_DEFINITIONS = (
					"DEBUG=1",
					"$(inherited)",
				);
				GCC_WARN_64_TO_32_BIT_CONVERSION = YES;
				GCC_WARN_ABOUT_RETURN_TYPE = YES_ERROR;
				GCC_WARN_UNDECLARED_SELECTOR = YES;
				GCC_WARN_UNINITIALIZED_AUTOS = YES_AGGRESSIVE;
				GCC_WARN_UNUSED_FUNCTION = YES;
				GCC_WARN_UNUSED_VARIABLE = YES;
				MTL_ENABLE_DEBUG_INFO = INCLUDE_SOURCE;
				MTL_FAST_MATH = YES;
				ONLY_ACTIVE_ARCH = YES;
				SWIFT_ACTIVE_COMPILATION_CONDITIONS = DEBUG;
				SWIFT_OPTIMIZATION_LEVEL = "-Onone";
			};
			name = Debug;
		};
		907CC9D727FA80B90058600D /* Release */ = {
			isa = XCBuildConfiguration;
			buildSettings = {
				ALWAYS_SEARCH_USER_PATHS = NO;
				CLANG_ANALYZER_NONNULL = YES;
				CLANG_ANALYZER_NUMBER_OBJECT_CONVERSION = YES_AGGRESSIVE;
				CLANG_CXX_LANGUAGE_STANDARD = "gnu++17";
				CLANG_ENABLE_MODULES = YES;
				CLANG_ENABLE_OBJC_ARC = YES;
				CLANG_ENABLE_OBJC_WEAK = YES;
				CLANG_WARN_BLOCK_CAPTURE_AUTORELEASING = YES;
				CLANG_WARN_BOOL_CONVERSION = YES;
				CLANG_WARN_COMMA = YES;
				CLANG_WARN_CONSTANT_CONVERSION = YES;
				CLANG_WARN_DEPRECATED_OBJC_IMPLEMENTATIONS = YES;
				CLANG_WARN_DIRECT_OBJC_ISA_USAGE = YES_ERROR;
				CLANG_WARN_DOCUMENTATION_COMMENTS = YES;
				CLANG_WARN_EMPTY_BODY = YES;
				CLANG_WARN_ENUM_CONVERSION = YES;
				CLANG_WARN_INFINITE_RECURSION = YES;
				CLANG_WARN_INT_CONVERSION = YES;
				CLANG_WARN_NON_LITERAL_NULL_CONVERSION = YES;
				CLANG_WARN_OBJC_IMPLICIT_RETAIN_SELF = YES;
				CLANG_WARN_OBJC_LITERAL_CONVERSION = YES;
				CLANG_WARN_OBJC_ROOT_CLASS = YES_ERROR;
				CLANG_WARN_QUOTED_INCLUDE_IN_FRAMEWORK_HEADER = YES;
				CLANG_WARN_RANGE_LOOP_ANALYSIS = YES;
				CLANG_WARN_STRICT_PROTOTYPES = YES;
				CLANG_WARN_SUSPICIOUS_MOVE = YES;
				CLANG_WARN_UNGUARDED_AVAILABILITY = YES_AGGRESSIVE;
				CLANG_WARN_UNREACHABLE_CODE = YES;
				CLANG_WARN__DUPLICATE_METHOD_MATCH = YES;
				COPY_PHASE_STRIP = NO;
				DEBUG_INFORMATION_FORMAT = "dwarf-with-dsym";
				ENABLE_NS_ASSERTIONS = NO;
				ENABLE_STRICT_OBJC_MSGSEND = YES;
				GCC_C_LANGUAGE_STANDARD = gnu11;
				GCC_NO_COMMON_BLOCKS = YES;
				GCC_WARN_64_TO_32_BIT_CONVERSION = YES;
				GCC_WARN_ABOUT_RETURN_TYPE = YES_ERROR;
				GCC_WARN_UNDECLARED_SELECTOR = YES;
				GCC_WARN_UNINITIALIZED_AUTOS = YES_AGGRESSIVE;
				GCC_WARN_UNUSED_FUNCTION = YES;
				GCC_WARN_UNUSED_VARIABLE = YES;
				MTL_ENABLE_DEBUG_INFO = NO;
				MTL_FAST_MATH = YES;
				SWIFT_COMPILATION_MODE = wholemodule;
				SWIFT_OPTIMIZATION_LEVEL = "-O";
			};
			name = Release;
		};
		907CC9D927FA80B90058600D /* Debug */ = {
			isa = XCBuildConfiguration;
			buildSettings = {
				ASSETCATALOG_COMPILER_APPICON_NAME = AppIcon;
				ASSETCATALOG_COMPILER_GLOBAL_ACCENT_COLOR_NAME = AccentColor;
				CODE_SIGN_STYLE = Automatic;
				CURRENT_PROJECT_VERSION = 1;
				DEVELOPMENT_TEAM = 862P2X6G9G;
				ENABLE_PREVIEWS = YES;
				GENERATE_INFOPLIST_FILE = YES;
				INFOPLIST_KEY_UIApplicationSceneManifest_Generation = YES;
				INFOPLIST_KEY_UIApplicationSupportsIndirectInputEvents = YES;
				INFOPLIST_KEY_UILaunchScreen_Generation = YES;
				INFOPLIST_KEY_UISupportedInterfaceOrientations_iPad = "UIInterfaceOrientationPortrait UIInterfaceOrientationPortraitUpsideDown UIInterfaceOrientationLandscapeLeft UIInterfaceOrientationLandscapeRight";
				INFOPLIST_KEY_UISupportedInterfaceOrientations_iPhone = "UIInterfaceOrientationPortrait UIInterfaceOrientationLandscapeLeft UIInterfaceOrientationLandscapeRight";
				IPHONEOS_DEPLOYMENT_TARGET = 15.4;
				LD_RUNPATH_SEARCH_PATHS = (
					"$(inherited)",
					"@executable_path/Frameworks",
				);
				MARKETING_VERSION = 1.0;
				PRODUCT_BUNDLE_IDENTIFIER = me.kim.jinwook.HuddleLandingPageWithSingleIntroductorySection;
				PRODUCT_NAME = HuddleLandingPageWithSingleIntroductorySection;
				SDKROOT = iphoneos;
				SWIFT_EMIT_LOC_STRINGS = YES;
				SWIFT_VERSION = 5.0;
				TARGETED_DEVICE_FAMILY = "1,2";
			};
			name = Debug;
		};
		907CC9DA27FA80B90058600D /* Release */ = {
			isa = XCBuildConfiguration;
			buildSettings = {
				ASSETCATALOG_COMPILER_APPICON_NAME = AppIcon;
				ASSETCATALOG_COMPILER_GLOBAL_ACCENT_COLOR_NAME = AccentColor;
				CODE_SIGN_STYLE = Automatic;
				CURRENT_PROJECT_VERSION = 1;
				DEVELOPMENT_TEAM = 862P2X6G9G;
				ENABLE_PREVIEWS = YES;
				GENERATE_INFOPLIST_FILE = YES;
				INFOPLIST_KEY_UIApplicationSceneManifest_Generation = YES;
				INFOPLIST_KEY_UIApplicationSupportsIndirectInputEvents = YES;
				INFOPLIST_KEY_UILaunchScreen_Generation = YES;
				INFOPLIST_KEY_UISupportedInterfaceOrientations_iPad = "UIInterfaceOrientationPortrait UIInterfaceOrientationPortraitUpsideDown UIInterfaceOrientationLandscapeLeft UIInterfaceOrientationLandscapeRight";
				INFOPLIST_KEY_UISupportedInterfaceOrientations_iPhone = "UIInterfaceOrientationPortrait UIInterfaceOrientationLandscapeLeft UIInterfaceOrientationLandscapeRight";
				IPHONEOS_DEPLOYMENT_TARGET = 15.4;
				LD_RUNPATH_SEARCH_PATHS = (
					"$(inherited)",
					"@executable_path/Frameworks",
				);
				MARKETING_VERSION = 1.0;
				PRODUCT_BUNDLE_IDENTIFIER = me.kim.jinwook.HuddleLandingPageWithSingleIntroductorySection;
				PRODUCT_NAME = HuddleLandingPageWithSingleIntroductorySection;
				SDKROOT = iphoneos;
				SWIFT_EMIT_LOC_STRINGS = YES;
				SWIFT_VERSION = 5.0;
				TARGETED_DEVICE_FAMILY = "1,2";
				VALIDATE_PRODUCT = YES;
			};
			name = Release;
		};
		907CC9DC27FA80B90058600D /* Debug */ = {
			isa = XCBuildConfiguration;
			buildSettings = {
				ASSETCATALOG_COMPILER_APPICON_NAME = AppIcon;
				ASSETCATALOG_COMPILER_GLOBAL_ACCENT_COLOR_NAME = AccentColor;
				CODE_SIGN_ENTITLEMENTS = macOS/macOS.entitlements;
				CODE_SIGN_STYLE = Automatic;
				COMBINE_HIDPI_IMAGES = YES;
				CURRENT_PROJECT_VERSION = 1;
				DEVELOPMENT_TEAM = 862P2X6G9G;
				ENABLE_HARDENED_RUNTIME = YES;
				ENABLE_PREVIEWS = YES;
				GENERATE_INFOPLIST_FILE = YES;
				INFOPLIST_KEY_NSHumanReadableCopyright = "";
				LD_RUNPATH_SEARCH_PATHS = (
					"$(inherited)",
					"@executable_path/../Frameworks",
				);
				MACOSX_DEPLOYMENT_TARGET = 12.3;
				MARKETING_VERSION = 1.0;
				PRODUCT_BUNDLE_IDENTIFIER = me.kim.jinwook.HuddleLandingPageWithSingleIntroductorySection;
				PRODUCT_NAME = HuddleLandingPageWithSingleIntroductorySection;
				SDKROOT = macosx;
				SWIFT_EMIT_LOC_STRINGS = YES;
				SWIFT_VERSION = 5.0;
			};
			name = Debug;
		};
		907CC9DD27FA80B90058600D /* Release */ = {
			isa = XCBuildConfiguration;
			buildSettings = {
				ASSETCATALOG_COMPILER_APPICON_NAME = AppIcon;
				ASSETCATALOG_COMPILER_GLOBAL_ACCENT_COLOR_NAME = AccentColor;
				CODE_SIGN_ENTITLEMENTS = macOS/macOS.entitlements;
				CODE_SIGN_STYLE = Automatic;
				COMBINE_HIDPI_IMAGES = YES;
				CURRENT_PROJECT_VERSION = 1;
				DEVELOPMENT_TEAM = 862P2X6G9G;
				ENABLE_HARDENED_RUNTIME = YES;
				ENABLE_PREVIEWS = YES;
				GENERATE_INFOPLIST_FILE = YES;
				INFOPLIST_KEY_NSHumanReadableCopyright = "";
				LD_RUNPATH_SEARCH_PATHS = (
					"$(inherited)",
					"@executable_path/../Frameworks",
				);
				MACOSX_DEPLOYMENT_TARGET = 12.3;
				MARKETING_VERSION = 1.0;
				PRODUCT_BUNDLE_IDENTIFIER = me.kim.jinwook.HuddleLandingPageWithSingleIntroductorySection;
				PRODUCT_NAME = HuddleLandingPageWithSingleIntroductorySection;
				SDKROOT = macosx;
				SWIFT_EMIT_LOC_STRINGS = YES;
				SWIFT_VERSION = 5.0;
			};
			name = Release;
		};
/* End XCBuildConfiguration section */

/* Begin XCConfigurationList section */
		907CC9BE27FA80B80058600D /* Build configuration list for PBXProject "HuddleLandingPageWithSingleIntroductorySection" */ = {
			isa = XCConfigurationList;
			buildConfigurations = (
				907CC9D627FA80B90058600D /* Debug */,
				907CC9D727FA80B90058600D /* Release */,
			);
			defaultConfigurationIsVisible = 0;
			defaultConfigurationName = Release;
		};
		907CC9D827FA80B90058600D /* Build configuration list for PBXNativeTarget "HuddleLandingPageWithSingleIntroductorySection (iOS)" */ = {
			isa = XCConfigurationList;
			buildConfigurations = (
				907CC9D927FA80B90058600D /* Debug */,
				907CC9DA27FA80B90058600D /* Release */,
			);
			defaultConfigurationIsVisible = 0;
			defaultConfigurationName = Release;
		};
		907CC9DB27FA80B90058600D /* Build configuration list for PBXNativeTarget "HuddleLandingPageWithSingleIntroductorySection (macOS)" */ = {
			isa = XCConfigurationList;
			buildConfigurations = (
				907CC9DC27FA80B90058600D /* Debug */,
				907CC9DD27FA80B90058600D /* Release */,
			);
			defaultConfigurationIsVisible = 0;
			defaultConfigurationName = Release;
		};
/* End XCConfigurationList section */
	};
	rootObject = 907CC9BB27FA80B80058600D /* Project object */;
}
